
Microsoft Visual Studio Solution File, Format Version 11.00
# Visual C# Express 2010
Project("{FAE04EC0-301F-11D3-BF4B-00C04F79EFBC}") = "LAUNCH.WPF", "LAUNCH.WPF\LAUNCH.WPF.csproj", "{1BC87652-C909-4E56-9F85-E7E5B8396C0C}"
EndProject
Project("{FAE04EC0-301F-11D3-BF4B-00C04F79EFBC}") = "XmlData", "Libs\XmlData\XmlData.csproj", "{427B2AD4-31CC-4308-A9AB-5264D4A51A3B}"
EndProject
Project("{FAE04EC0-301F-11D3-BF4B-00C04F79EFBC}") = "LAUNCH.Common", "LAUNCH.Common\LAUNCH.Common.csproj", "{291D27E1-D8BC-4836-8198-3510DCB8BE1C}"
EndProject
Global
	GlobalSection(SolutionConfigurationPlatforms) = preSolution
		Debug|Any CPU = Debug|Any CPU
		Debug|Mixed Platforms = Debug|Mixed Platforms
		Debug|x86 = Debug|x86
		Release|Any CPU = Release|Any CPU
		Release|Mixed Platforms = Release|Mixed Platforms
		Release|x86 = Release|x86
	EndGlobalSection
	GlobalSection(ProjectConfigurationPlatforms) = postSolution
		{1BC87652-C909-4E56-9F85-E7E5B8396C0C}.Debug|Any CPU.ActiveCfg = Debug|x86
		{1BC87652-C909-4E56-9F85-E7E5B8396C0C}.Debug|Mixed Platforms.ActiveCfg = Debug|x86
		{1BC87652-C909-4E56-9F85-E7E5B8396C0C}.Debug|Mixed Platforms.Build.0 = Debug|x86
		{1BC87652-C909-4E56-9F85-E7E5B8396C0C}.Debug|x86.ActiveCfg = Debug|x86
		{1BC87652-C909-4E56-9F85-E7E5B8396C0C}.Debug|x86.Build.0 = Debug|x86
		{1BC87652-C909-4E56-9F85-E7E5B8396C0C}.Release|Any CPU.ActiveCfg = Release|x86
		{1BC87652-C909-4E56-9F85-E7E5B8396C0C}.Release|Mixed Platforms.ActiveCfg = Release|x86
		{1BC87652-C909-4E56-9F85-E7E5B8396C0C}.Release|Mixed Platforms.Build.0 = Release|x86
		{1BC87652-C909-4E56-9F85-E7E5B8396C0C}.Release|x86.ActiveCfg = Release|x86
		{1BC87652-C909-4E56-9F85-E7E5B8396C0C}.Release|x86.Build.0 = Release|x86
		{427B2AD4-31CC-4308-A9AB-5264D4A51A3B}.Debug|Any CPU.ActiveCfg = Debug|Any CPU
		{427B2AD4-31CC-4308-A9AB-5264D4A51A3B}.Debug|Any CPU.Build.0 = Debug|Any CPU
		{427B2AD4-31CC-4308-A9AB-5264D4A51A3B}.Debug|Mixed Platforms.ActiveCfg = Debug|Any CPU
		{427B2AD4-31CC-4308-A9AB-5264D4A51A3B}.Debug|Mixed Platforms.Build.0 = Debug|Any CPU
		{427B2AD4-31CC-4308-A9AB-5264D4A51A3B}.Debug|x86.ActiveCfg = Debug|Any CPU
		{427B2AD4-31CC-4308-A9AB-5264D4A51A3B}.Release|Any CPU.ActiveCfg = Release|Any CPU
		{427B2AD4-31CC-4308-A9AB-5264D4A51A3B}.Release|Any CPU.Build.0 = Release|Any CPU
		{427B2AD4-31CC-4308-A9AB-5264D4A51A3B}.Release|Mixed Platforms.ActiveCfg = Release|Any CPU
		{427B2AD4-31CC-4308-A9AB-5264D4A51A3B}.Release|Mixed Platforms.Build.0 = Release|Any CPU
		{427B2AD4-31CC-4308-A9AB-5264D4A51A3B}.Release|x86.ActiveCfg = Release|Any CPU
		{291D27E1-D8BC-4836-8198-3510DCB8BE1C}.Debug|Any CPU.ActiveCfg = Debug|Any CPU
		{291D27E1-D8BC-4836-8198-3510DCB8BE1C}.Debug|Any CPU.Build.0 = Debug|Any CPU
		{291D27E1-D8BC-4836-8198-3510DCB8BE1C}.Debug|Mixed Platforms.ActiveCfg = Debug|Any CPU
		{291D27E1-D8BC-4836-8198-3510DCB8BE1C}.Debug|Mixed Platforms.Build.0 = Debug|Any CPU
		{291D27E1-D8BC-4836-8198-3510DCB8BE1C}.Debug|x86.ActiveCfg = Debug|Any CPU
		{291D27E1-D8BC-4836-8198-3510DCB8BE1C}.Release|Any CPU.ActiveCfg = Release|Any CPU
		{291D27E1-D8BC-4836-8198-3510DCB8BE1C}.Release|Any CPU.Build.0 = Release|Any CPU
		{291D27E1-D8BC-4836-8198-3510DCB8BE1C}.Release|Mixed Platforms.ActiveCfg = Release|Any CPU
		{291D27E1-D8BC-4836-8198-3510DCB8BE1C}.Release|Mixed Platforms.Build.0 = Release|Any CPU
		{291D27E1-D8BC-4836-8198-3510DCB8BE1C}.Release|x86.ActiveCfg = Release|Any CPU
	EndGlobalSection
	GlobalSection(SolutionProperties) = preSolution
		HideSolutionNode = FALSE
	EndGlobalSection
EndGlobal
